---
- name: Bloqueo de MAC
  hosts: "meraki_servers"
  gather_facts: no
  become: yes
  tasks:
    - name: Bloquear Usuario
      cisco.meraki.networks_clients_provision:
        meraki_api_key: "{{meraki_api_key}}"
        networkId: "{{networkId}}"
        clients:
        - mac: 00:11:22:33:44:55
        policiesBySecurityAppliance:
